
Microsoft Visual Studio Solution File, Format Version 12.00
# Visual Studio Version 17
VisualStudioVersion = 17.0.31903.59
MinimumVisualStudioVersion = 10.0.40219.1
Project("{FAE04EC0-301F-11D3-BF4B-00C04F79EFBC}") = "API", "API\API.csproj", "{B75FAD91-7A7E-4DB1-94F2-FABC1D0A96F1}"
EndProject
Project("{FAE04EC0-301F-11D3-BF4B-00C04F79EFBC}") = "Application", "Application\Application.csproj", "{F43DC6B2-A584-4778-AC91-E5800AC7C40E}"
EndProject
Project("{FAE04EC0-301F-11D3-BF4B-00C04F79EFBC}") = "Domain", "Domain\Domain.csproj", "{40B89F85-A34B-4B31-9CA8-07A6E3D4B121}"
EndProject
Project("{FAE04EC0-301F-11D3-BF4B-00C04F79EFBC}") = "Persistence", "Persistence\Persistence.csproj", "{1FE262B1-D5A7-4283-BD18-BD67FAF95D07}"
EndProject
Global
	GlobalSection(SolutionConfigurationPlatforms) = preSolution
		Debug|Any CPU = Debug|Any CPU
		Release|Any CPU = Release|Any CPU
	EndGlobalSection
	GlobalSection(SolutionProperties) = preSolution
		HideSolutionNode = FALSE
	EndGlobalSection
	GlobalSection(ProjectConfigurationPlatforms) = postSolution
		{B75FAD91-7A7E-4DB1-94F2-FABC1D0A96F1}.Debug|Any CPU.ActiveCfg = Debug|Any CPU
		{B75FAD91-7A7E-4DB1-94F2-FABC1D0A96F1}.Debug|Any CPU.Build.0 = Debug|Any CPU
		{B75FAD91-7A7E-4DB1-94F2-FABC1D0A96F1}.Release|Any CPU.ActiveCfg = Release|Any CPU
		{B75FAD91-7A7E-4DB1-94F2-FABC1D0A96F1}.Release|Any CPU.Build.0 = Release|Any CPU
		{F43DC6B2-A584-4778-AC91-E5800AC7C40E}.Debug|Any CPU.ActiveCfg = Debug|Any CPU
		{F43DC6B2-A584-4778-AC91-E5800AC7C40E}.Debug|Any CPU.Build.0 = Debug|Any CPU
		{F43DC6B2-A584-4778-AC91-E5800AC7C40E}.Release|Any CPU.ActiveCfg = Release|Any CPU
		{F43DC6B2-A584-4778-AC91-E5800AC7C40E}.Release|Any CPU.Build.0 = Release|Any CPU
		{40B89F85-A34B-4B31-9CA8-07A6E3D4B121}.Debug|Any CPU.ActiveCfg = Debug|Any CPU
		{40B89F85-A34B-4B31-9CA8-07A6E3D4B121}.Debug|Any CPU.Build.0 = Debug|Any CPU
		{40B89F85-A34B-4B31-9CA8-07A6E3D4B121}.Release|Any CPU.ActiveCfg = Release|Any CPU
		{40B89F85-A34B-4B31-9CA8-07A6E3D4B121}.Release|Any CPU.Build.0 = Release|Any CPU
		{1FE262B1-D5A7-4283-BD18-BD67FAF95D07}.Debug|Any CPU.ActiveCfg = Debug|Any CPU
		{1FE262B1-D5A7-4283-BD18-BD67FAF95D07}.Debug|Any CPU.Build.0 = Debug|Any CPU
		{1FE262B1-D5A7-4283-BD18-BD67FAF95D07}.Release|Any CPU.ActiveCfg = Release|Any CPU
		{1FE262B1-D5A7-4283-BD18-BD67FAF95D07}.Release|Any CPU.Build.0 = Release|Any CPU
	EndGlobalSection
EndGlobal
